
Microsoft Visual Studio Solution File, Format Version 12.00
# Visual Studio Version 16
VisualStudioVersion = 16.0.29728.190
MinimumVisualStudioVersion = 10.0.40219.1
Project("{FAE04EC0-301F-11D3-BF4B-00C04F79EFBC}") = "Crafts", "Crafts\Crafts.csproj", "{208B23BD-7CBF-4974-A641-510DB62958C4}"
EndProject
Global
	GlobalSection(SolutionConfigurationPlatforms) = preSolution
		Debug|Any CPU = Debug|Any CPU
		Release|Any CPU = Release|Any CPU
	EndGlobalSection
	GlobalSection(ProjectConfigurationPlatforms) = postSolution
		{208B23BD-7CBF-4974-A641-510DB62958C4}.Debug|Any CPU.ActiveCfg = Debug|Any CPU
		{208B23BD-7CBF-4974-A641-510DB62958C4}.Debug|Any CPU.Build.0 = Debug|Any CPU
		{208B23BD-7CBF-4974-A641-510DB62958C4}.Release|Any CPU.ActiveCfg = Release|Any CPU
		{208B23BD-7CBF-4974-A641-510DB62958C4}.Release|Any CPU.Build.0 = Release|Any CPU
	EndGlobalSection
	GlobalSection(SolutionProperties) = preSolution
		HideSolutionNode = FALSE
	EndGlobalSection
	GlobalSection(ExtensibilityGlobals) = postSolution
		SolutionGuid = {1DA3F0FB-1F55-41D1-8BA9-D6A7E6448AE5}
	EndGlobalSection
EndGlobal
